
Microsoft Visual Studio Solution File, Format Version 12.00
# Visual Studio Version 17
VisualStudioVersion = 17.8.34511.84
MinimumVisualStudioVersion = 10.0.40219.1
Project("{FAE04EC0-301F-11D3-BF4B-00C04F79EFBC}") = "DoorCorrection", "DoorCorrection\DoorCorrection.csproj", "{30632DF0-9957-4F6B-A82B-9F4ACD378E9D}"
EndProject
Global
	GlobalSection(SolutionConfigurationPlatforms) = preSolution
		Debug|Any CPU = Debug|Any CPU
		Release|Any CPU = Release|Any CPU
	EndGlobalSection
	GlobalSection(ProjectConfigurationPlatforms) = postSolution
		{30632DF0-9957-4F6B-A82B-9F4ACD378E9D}.Debug|Any CPU.ActiveCfg = Debug|Any CPU
		{30632DF0-9957-4F6B-A82B-9F4ACD378E9D}.Debug|Any CPU.Build.0 = Debug|Any CPU
		{30632DF0-9957-4F6B-A82B-9F4ACD378E9D}.Release|Any CPU.ActiveCfg = Release|Any CPU
		{30632DF0-9957-4F6B-A82B-9F4ACD378E9D}.Release|Any CPU.Build.0 = Release|Any CPU
	EndGlobalSection
	GlobalSection(SolutionProperties) = preSolution
		HideSolutionNode = FALSE
	EndGlobalSection
	GlobalSection(ExtensibilityGlobals) = postSolution
		SolutionGuid = {D24BDE45-C420-4868-AB29-01AFC860DD61}
	EndGlobalSection
EndGlobal
